{
  "name": "knowbook-full-trust-acceptance",
  "version": "1.0.0",
  "lockfileVersion": 3,
  "requires": true,
  "packages": {
    "": {
      "name": "knowbook-full-trust-acceptance",
      "version": "1.0.0",
      "dependencies": {
        "full-trust-local-dependency": "file:vendor/full-trust-local-dependency"
      }
    },
    "node_modules/full-trust-local-dependency": {
      "version": "1.0.0",
      "resolved": "file:vendor/full-trust-local-dependency"
    }
  }
}
