{
  "name": "knowbook-modern-yarn-acceptance-tools",
  "version": "1.0.0",
  "lockfileVersion": 3,
  "requires": true,
  "packages": {
    "": {
      "name": "knowbook-modern-yarn-acceptance-tools",
      "version": "1.0.0",
      "dependencies": {
        "@yarnpkg/cli-dist": "4.9.4"
      }
    },
    "node_modules/@yarnpkg/cli-dist": {
      "version": "4.9.4",
      "resolved": "https://registry.npmjs.org/@yarnpkg/cli-dist/-/cli-dist-4.9.4.tgz",
      "integrity": "sha512-q504Eb++phLdYrVWhHLNpTwlwPkqz+w/+ydkSJUIP2SWKPUoeIllFD0xGVAWOR0pImxYwEjaRVXfdfVeJP6wqA==",
      "bin": {
        "yarn": "bin/yarn.js",
        "yarnpkg": "bin/yarn.js"
      },
      "engines": {
        "node": ">=18.12.0"
      }
    }
  }
}
