# This file is generated by running "yarn install" inside your project.
# Manual changes might be lost - proceed with caution!

__metadata:
  version: 8
  cacheKey: 10c0

"knowbook-manager-value@file:vendor/value::locator=knowbook-package-manager-fixture%40workspace%3A.":
  version: 1.0.0
  resolution: "knowbook-manager-value@file:vendor/value#vendor/value::hash=18b44d&locator=knowbook-package-manager-fixture%40workspace%3A."
  checksum: 10c0/8e003c5110cae056eeffecb0f5bee1775aa5b3a9bfd20ec52e067cb9d6f68f13aeb60a5529937a744b8aac4ddc7128b14d43c72ed2d42142de4a8f6082df4bad
  languageName: node
  linkType: hard

"knowbook-package-manager-fixture@workspace:.":
  version: 0.0.0-use.local
  resolution: "knowbook-package-manager-fixture@workspace:."
  dependencies:
    knowbook-manager-value: "file:vendor/value"
  languageName: unknown
  linkType: soft
